
Microsoft Visual Studio Solution File, Format Version 12.00
# Visual Studio Version 17
VisualStudioVersion = 17.3.32825.248
MinimumVisualStudioVersion = 10.0.40219.1
Project("{2150E333-8FDC-42A3-9474-1A3956D46DE8}") = "src", "src", "{81F008CC-F850-41B8-9AB2-25FA09BFB4CB}"
EndProject
Project("{2150E333-8FDC-42A3-9474-1A3956D46DE8}") = "corePackages", "corePackages", "{686467A0-B44B-4EEF-AB62-653AED0E02E2}"
EndProject
Project("{FAE04EC0-301F-11D3-BF4B-00C04F79EFBC}") = "Core.Application", "src\corePackages\Core.Application\Core.Application.csproj", "{12CB119B-7906-4791-8652-B39D20DD59BD}"
EndProject
Project("{FAE04EC0-301F-11D3-BF4B-00C04F79EFBC}") = "Core.CrossCuttingConcerns", "src\corePackages\Core.CrossCuttingConcerns\Core.CrossCuttingConcerns.csproj", "{03B8AE87-2967-4A82-BA72-A92DD8595ED3}"
EndProject
Project("{FAE04EC0-301F-11D3-BF4B-00C04F79EFBC}") = "Core.ElasticSearch", "src\corePackages\Core.ElasticSearch\Core.ElasticSearch.csproj", "{656791EF-4BA4-404F-AB5E-96CE00B370FF}"
EndProject
Project("{FAE04EC0-301F-11D3-BF4B-00C04F79EFBC}") = "Core.Mailing", "src\corePackages\Core.Mailing\Core.Mailing.csproj", "{2703760F-0E87-4D67-93A5-27D7A36C4BD0}"
EndProject
Project("{FAE04EC0-301F-11D3-BF4B-00C04F79EFBC}") = "Core.Persistence", "src\corePackages\Core.Persistence\Core.Persistence.csproj", "{EAD974E2-279C-4674-A57D-9CDF21F5DBE4}"
EndProject
Project("{FAE04EC0-301F-11D3-BF4B-00C04F79EFBC}") = "Core.Security", "src\corePackages\Core.Security\Core.Security.csproj", "{8161BF74-A313-4656-8E86-16324A5DADA1}"
EndProject
Project("{2150E333-8FDC-42A3-9474-1A3956D46DE8}") = "projecks", "projecks", "{5FB20CBB-1F27-49B4-9BF1-C2FDB91BA652}"
EndProject
Project("{FAE04EC0-301F-11D3-BF4B-00C04F79EFBC}") = "Application", "src\projecks\Application\Application.csproj", "{F5B2BA47-BFF9-4DCB-BD2E-DC8AC309D4AA}"
EndProject
Project("{FAE04EC0-301F-11D3-BF4B-00C04F79EFBC}") = "Domain", "src\projecks\Domain\Domain.csproj", "{20152A20-FF7B-448B-95EA-A3E5AA9D2ED6}"
EndProject
Project("{FAE04EC0-301F-11D3-BF4B-00C04F79EFBC}") = "Infrastructure", "src\projecks\Infrastructure\Infrastructure.csproj", "{50BD445E-80AF-468B-8F1B-10FB66951D93}"
EndProject
Project("{FAE04EC0-301F-11D3-BF4B-00C04F79EFBC}") = "Persistence", "src\projecks\Persistence\Persistence.csproj", "{8B43608F-F0B4-45E7-80B1-5768EC09FCB6}"
EndProject
Project("{FAE04EC0-301F-11D3-BF4B-00C04F79EFBC}") = "WebAPI", "src\projecks\WebAPI\WebAPI.csproj", "{78DC535A-A7DE-4BF7-86DD-6EC879B7B1EF}"
EndProject
Global
	GlobalSection(SolutionConfigurationPlatforms) = preSolution
		Debug|Any CPU = Debug|Any CPU
		Release|Any CPU = Release|Any CPU
	EndGlobalSection
	GlobalSection(ProjectConfigurationPlatforms) = postSolution
		{12CB119B-7906-4791-8652-B39D20DD59BD}.Debug|Any CPU.ActiveCfg = Debug|Any CPU
		{12CB119B-7906-4791-8652-B39D20DD59BD}.Debug|Any CPU.Build.0 = Debug|Any CPU
		{12CB119B-7906-4791-8652-B39D20DD59BD}.Release|Any CPU.ActiveCfg = Release|Any CPU
		{12CB119B-7906-4791-8652-B39D20DD59BD}.Release|Any CPU.Build.0 = Release|Any CPU
		{03B8AE87-2967-4A82-BA72-A92DD8595ED3}.Debug|Any CPU.ActiveCfg = Debug|Any CPU
		{03B8AE87-2967-4A82-BA72-A92DD8595ED3}.Debug|Any CPU.Build.0 = Debug|Any CPU
		{03B8AE87-2967-4A82-BA72-A92DD8595ED3}.Release|Any CPU.ActiveCfg = Release|Any CPU
		{03B8AE87-2967-4A82-BA72-A92DD8595ED3}.Release|Any CPU.Build.0 = Release|Any CPU
		{656791EF-4BA4-404F-AB5E-96CE00B370FF}.Debug|Any CPU.ActiveCfg = Debug|Any CPU
		{656791EF-4BA4-404F-AB5E-96CE00B370FF}.Debug|Any CPU.Build.0 = Debug|Any CPU
		{656791EF-4BA4-404F-AB5E-96CE00B370FF}.Release|Any CPU.ActiveCfg = Release|Any CPU
		{656791EF-4BA4-404F-AB5E-96CE00B370FF}.Release|Any CPU.Build.0 = Release|Any CPU
		{2703760F-0E87-4D67-93A5-27D7A36C4BD0}.Debug|Any CPU.ActiveCfg = Debug|Any CPU
		{2703760F-0E87-4D67-93A5-27D7A36C4BD0}.Debug|Any CPU.Build.0 = Debug|Any CPU
		{2703760F-0E87-4D67-93A5-27D7A36C4BD0}.Release|Any CPU.ActiveCfg = Release|Any CPU
		{2703760F-0E87-4D67-93A5-27D7A36C4BD0}.Release|Any CPU.Build.0 = Release|Any CPU
		{EAD974E2-279C-4674-A57D-9CDF21F5DBE4}.Debug|Any CPU.ActiveCfg = Debug|Any CPU
		{EAD974E2-279C-4674-A57D-9CDF21F5DBE4}.Debug|Any CPU.Build.0 = Debug|Any CPU
		{EAD974E2-279C-4674-A57D-9CDF21F5DBE4}.Release|Any CPU.ActiveCfg = Release|Any CPU
		{EAD974E2-279C-4674-A57D-9CDF21F5DBE4}.Release|Any CPU.Build.0 = Release|Any CPU
		{8161BF74-A313-4656-8E86-16324A5DADA1}.Debug|Any CPU.ActiveCfg = Debug|Any CPU
		{8161BF74-A313-4656-8E86-16324A5DADA1}.Debug|Any CPU.Build.0 = Debug|Any CPU
		{8161BF74-A313-4656-8E86-16324A5DADA1}.Release|Any CPU.ActiveCfg = Release|Any CPU
		{8161BF74-A313-4656-8E86-16324A5DADA1}.Release|Any CPU.Build.0 = Release|Any CPU
		{F5B2BA47-BFF9-4DCB-BD2E-DC8AC309D4AA}.Debug|Any CPU.ActiveCfg = Debug|Any CPU
		{F5B2BA47-BFF9-4DCB-BD2E-DC8AC309D4AA}.Debug|Any CPU.Build.0 = Debug|Any CPU
		{F5B2BA47-BFF9-4DCB-BD2E-DC8AC309D4AA}.Release|Any CPU.ActiveCfg = Release|Any CPU
		{F5B2BA47-BFF9-4DCB-BD2E-DC8AC309D4AA}.Release|Any CPU.Build.0 = Release|Any CPU
		{20152A20-FF7B-448B-95EA-A3E5AA9D2ED6}.Debug|Any CPU.ActiveCfg = Debug|Any CPU
		{20152A20-FF7B-448B-95EA-A3E5AA9D2ED6}.Debug|Any CPU.Build.0 = Debug|Any CPU
		{20152A20-FF7B-448B-95EA-A3E5AA9D2ED6}.Release|Any CPU.ActiveCfg = Release|Any CPU
		{20152A20-FF7B-448B-95EA-A3E5AA9D2ED6}.Release|Any CPU.Build.0 = Release|Any CPU
		{50BD445E-80AF-468B-8F1B-10FB66951D93}.Debug|Any CPU.ActiveCfg = Debug|Any CPU
		{50BD445E-80AF-468B-8F1B-10FB66951D93}.Debug|Any CPU.Build.0 = Debug|Any CPU
		{50BD445E-80AF-468B-8F1B-10FB66951D93}.Release|Any CPU.ActiveCfg = Release|Any CPU
		{50BD445E-80AF-468B-8F1B-10FB66951D93}.Release|Any CPU.Build.0 = Release|Any CPU
		{8B43608F-F0B4-45E7-80B1-5768EC09FCB6}.Debug|Any CPU.ActiveCfg = Debug|Any CPU
		{8B43608F-F0B4-45E7-80B1-5768EC09FCB6}.Debug|Any CPU.Build.0 = Debug|Any CPU
		{8B43608F-F0B4-45E7-80B1-5768EC09FCB6}.Release|Any CPU.ActiveCfg = Release|Any CPU
		{8B43608F-F0B4-45E7-80B1-5768EC09FCB6}.Release|Any CPU.Build.0 = Release|Any CPU
		{78DC535A-A7DE-4BF7-86DD-6EC879B7B1EF}.Debug|Any CPU.ActiveCfg = Debug|Any CPU
		{78DC535A-A7DE-4BF7-86DD-6EC879B7B1EF}.Debug|Any CPU.Build.0 = Debug|Any CPU
		{78DC535A-A7DE-4BF7-86DD-6EC879B7B1EF}.Release|Any CPU.ActiveCfg = Release|Any CPU
		{78DC535A-A7DE-4BF7-86DD-6EC879B7B1EF}.Release|Any CPU.Build.0 = Release|Any CPU
	EndGlobalSection
	GlobalSection(SolutionProperties) = preSolution
		HideSolutionNode = FALSE
	EndGlobalSection
	GlobalSection(NestedProjects) = preSolution
		{686467A0-B44B-4EEF-AB62-653AED0E02E2} = {81F008CC-F850-41B8-9AB2-25FA09BFB4CB}
		{12CB119B-7906-4791-8652-B39D20DD59BD} = {686467A0-B44B-4EEF-AB62-653AED0E02E2}
		{03B8AE87-2967-4A82-BA72-A92DD8595ED3} = {686467A0-B44B-4EEF-AB62-653AED0E02E2}
		{656791EF-4BA4-404F-AB5E-96CE00B370FF} = {686467A0-B44B-4EEF-AB62-653AED0E02E2}
		{2703760F-0E87-4D67-93A5-27D7A36C4BD0} = {686467A0-B44B-4EEF-AB62-653AED0E02E2}
		{EAD974E2-279C-4674-A57D-9CDF21F5DBE4} = {686467A0-B44B-4EEF-AB62-653AED0E02E2}
		{8161BF74-A313-4656-8E86-16324A5DADA1} = {686467A0-B44B-4EEF-AB62-653AED0E02E2}
		{5FB20CBB-1F27-49B4-9BF1-C2FDB91BA652} = {81F008CC-F850-41B8-9AB2-25FA09BFB4CB}
		{F5B2BA47-BFF9-4DCB-BD2E-DC8AC309D4AA} = {5FB20CBB-1F27-49B4-9BF1-C2FDB91BA652}
		{20152A20-FF7B-448B-95EA-A3E5AA9D2ED6} = {5FB20CBB-1F27-49B4-9BF1-C2FDB91BA652}
		{50BD445E-80AF-468B-8F1B-10FB66951D93} = {5FB20CBB-1F27-49B4-9BF1-C2FDB91BA652}
		{8B43608F-F0B4-45E7-80B1-5768EC09FCB6} = {5FB20CBB-1F27-49B4-9BF1-C2FDB91BA652}
		{78DC535A-A7DE-4BF7-86DD-6EC879B7B1EF} = {5FB20CBB-1F27-49B4-9BF1-C2FDB91BA652}
	EndGlobalSection
	GlobalSection(ExtensibilityGlobals) = postSolution
		SolutionGuid = {FEEEEFD9-777B-47F7-8395-D8BA94882C41}
	EndGlobalSection
EndGlobal
